{
    "_meta": {
        "hash": {
            "sha256": "f160fc976853beec6ce2c08baaca4f6e7053f6ded55ca9ce526a9b2a26e3a192"
        },
        "pipfile-spec": 6,
        "requires": {
            "python_version": "3.9"
        },
        "sources": [
            {
                "name": "pypi",
                "url": "https://pypi.org/simple",
                "verify_ssl": true
            }
        ]
    },
    "default": {
        "structure-home": {
            "file": "https://download.moldiscovery.com/structure_home-0.5.0.tar.gz"
        }
    },
    "develop": {}
}
