{
    "_meta": {
        "hash": {
            "sha256": "139120481a0d56c2556ed77e036b6e243f03897fc84598becd7264ad8c11a39e"
        },
        "pipfile-spec": 6,
        "requires": {
            "python_version": "3.9"
        },
        "sources": [
            {
                "name": "pypi",
                "url": "https://pypi.org/simple",
                "verify_ssl": true
            }
        ]
    },
    "default": {
        "structure-home": {
            "file": "https://download.moldiscovery.com/structure_home-0.5.4.tar.gz"
        }
    },
    "develop": {}
}
