version = 1
revision = 3
requires-python = ">=3.13"

[[package]]
name = "structure-home"
version = "0.9.0"
source = { url = "https://download.moldiscovery.com/structure_home-0.9.0.tar.gz" }
sdist = { hash = "sha256:42ced560657752fb776e9a508ceaa2040b959924dab80ad6fa9b52a96027e27f" }

[[package]]
name = "structure-home-dist"
version = "0.2.0"
source = { virtual = "." }
dependencies = [
    { name = "structure-home" },
]

[package.metadata]
requires-dist = [{ name = "structure-home", url = "https://download.moldiscovery.com/structure_home-0.9.0.tar.gz" }]
