version = 1
revision = 3
requires-python = ">=3.13"

[[package]]
name = "structure-home"
version = "0.7.1"
source = { url = "https://download.moldiscovery.com/structure_home-0.7.1.tar.gz" }
sdist = { hash = "sha256:4b615db434aad3afc69c701c6e7c291732cde0cfdce918e5cc20ca2f0f04e5cf" }

[[package]]
name = "structure-home-dist"
version = "0.1.0"
source = { virtual = "." }
dependencies = [
    { name = "structure-home" },
]

[package.metadata]
requires-dist = [{ name = "structure-home", url = "https://download.moldiscovery.com/structure_home-0.7.1.tar.gz" }]
